
Microsoft Visual Studio Solution File, Format Version 12.00
# Visual Studio 15
VisualStudioVersion = 15.0.28307.1259
MinimumVisualStudioVersion = 10.0.40219.1
Project("{9A19103F-16F7-4668-BE54-9A1E7A4F7556}") = "GoogleDocumentsUnifier.Logic", "GoogleDocumentsUnifier\GoogleDocumentsUnifier.Logic\GoogleDocumentsUnifier.Logic.csproj", "{51DCDFF1-21C8-440F-A9DD-555F2ECFBF89}"
EndProject
Project("{9A19103F-16F7-4668-BE54-9A1E7A4F7556}") = "Carespace.Bot.Web", "Carespace.Bot.Web\Carespace.Bot.Web.csproj", "{0358F930-E481-4568-89FE-7A8959112C61}"
EndProject
Project("{FAE04EC0-301F-11D3-BF4B-00C04F79EFBC}") = "GoogleSheetsManager", "GoogleSheetsManager\GoogleSheetsManager.csproj", "{DD50AB93-E1D1-4FA5-A4B9-60D8E13CB42A}"
EndProject
Global
	GlobalSection(SolutionConfigurationPlatforms) = preSolution
		Debug|Any CPU = Debug|Any CPU
		Release|Any CPU = Release|Any CPU
	EndGlobalSection
	GlobalSection(ProjectConfigurationPlatforms) = postSolution
		{51DCDFF1-21C8-440F-A9DD-555F2ECFBF89}.Debug|Any CPU.ActiveCfg = Debug|Any CPU
		{51DCDFF1-21C8-440F-A9DD-555F2ECFBF89}.Debug|Any CPU.Build.0 = Debug|Any CPU
		{51DCDFF1-21C8-440F-A9DD-555F2ECFBF89}.Release|Any CPU.ActiveCfg = Release|Any CPU
		{51DCDFF1-21C8-440F-A9DD-555F2ECFBF89}.Release|Any CPU.Build.0 = Release|Any CPU
		{0358F930-E481-4568-89FE-7A8959112C61}.Debug|Any CPU.ActiveCfg = Debug|Any CPU
		{0358F930-E481-4568-89FE-7A8959112C61}.Debug|Any CPU.Build.0 = Debug|Any CPU
		{0358F930-E481-4568-89FE-7A8959112C61}.Release|Any CPU.ActiveCfg = Release|Any CPU
		{0358F930-E481-4568-89FE-7A8959112C61}.Release|Any CPU.Build.0 = Release|Any CPU
		{DD50AB93-E1D1-4FA5-A4B9-60D8E13CB42A}.Debug|Any CPU.ActiveCfg = Debug|Any CPU
		{DD50AB93-E1D1-4FA5-A4B9-60D8E13CB42A}.Debug|Any CPU.Build.0 = Debug|Any CPU
		{DD50AB93-E1D1-4FA5-A4B9-60D8E13CB42A}.Release|Any CPU.ActiveCfg = Release|Any CPU
		{DD50AB93-E1D1-4FA5-A4B9-60D8E13CB42A}.Release|Any CPU.Build.0 = Release|Any CPU
	EndGlobalSection
	GlobalSection(SolutionProperties) = preSolution
		HideSolutionNode = FALSE
	EndGlobalSection
	GlobalSection(ExtensibilityGlobals) = postSolution
		SolutionGuid = {43B77C7F-CBF3-48F0-8CA8-B2CD640C91EA}
	EndGlobalSection
EndGlobal
